
Microsoft Visual Studio Solution File, Format Version 12.00
# Visual Studio Version 17
VisualStudioVersion = 17.1.32414.318
MinimumVisualStudioVersion = 10.0.40219.1
Project("{FAE04EC0-301F-11D3-BF4B-00C04F79EFBC}") = "ПР7", "ПР7\ПР7.csproj", "{82AB8695-E75E-4697-96A6-7097F796574F}"
EndProject
Global
	GlobalSection(SolutionConfigurationPlatforms) = preSolution
		Debug|Any CPU = Debug|Any CPU
		Release|Any CPU = Release|Any CPU
	EndGlobalSection
	GlobalSection(ProjectConfigurationPlatforms) = postSolution
		{82AB8695-E75E-4697-96A6-7097F796574F}.Debug|Any CPU.ActiveCfg = Debug|Any CPU
		{82AB8695-E75E-4697-96A6-7097F796574F}.Debug|Any CPU.Build.0 = Debug|Any CPU
		{82AB8695-E75E-4697-96A6-7097F796574F}.Release|Any CPU.ActiveCfg = Release|Any CPU
		{82AB8695-E75E-4697-96A6-7097F796574F}.Release|Any CPU.Build.0 = Release|Any CPU
	EndGlobalSection
	GlobalSection(SolutionProperties) = preSolution
		HideSolutionNode = FALSE
	EndGlobalSection
	GlobalSection(ExtensibilityGlobals) = postSolution
		SolutionGuid = {1C43FC9C-1518-4D4E-BF81-458B6BFD1474}
	EndGlobalSection
EndGlobal
